
Microsoft Visual Studio Solution File, Format Version 12.00
# Visual Studio Version 16
VisualStudioVersion = 16.0.29709.97
MinimumVisualStudioVersion = 10.0.40219.1
Project("{FAE04EC0-301F-11D3-BF4B-00C04F79EFBC}") = "MDLibrary.Domain", "MDLibrary.Domain\MDLibrary.Domain.csproj", "{B793CC21-230F-43A9-8B3A-6754167FD272}"
EndProject
Global
	GlobalSection(SolutionConfigurationPlatforms) = preSolution
		Debug|Any CPU = Debug|Any CPU
		Release|Any CPU = Release|Any CPU
	EndGlobalSection
	GlobalSection(ProjectConfigurationPlatforms) = postSolution
		{B793CC21-230F-43A9-8B3A-6754167FD272}.Debug|Any CPU.ActiveCfg = Debug|Any CPU
		{B793CC21-230F-43A9-8B3A-6754167FD272}.Debug|Any CPU.Build.0 = Debug|Any CPU
		{B793CC21-230F-43A9-8B3A-6754167FD272}.Release|Any CPU.ActiveCfg = Release|Any CPU
		{B793CC21-230F-43A9-8B3A-6754167FD272}.Release|Any CPU.Build.0 = Release|Any CPU
	EndGlobalSection
	GlobalSection(SolutionProperties) = preSolution
		HideSolutionNode = FALSE
	EndGlobalSection
	GlobalSection(ExtensibilityGlobals) = postSolution
		SolutionGuid = {216F6BEB-0D3B-4B22-9C30-42A3DB7BE6CA}
	EndGlobalSection
EndGlobal
